<?xml version="1.0" encoding="utf-8"?>
<Project ToolsVersion="4.0" xmlns="http://schemas.microsoft.com/developer/msbuild/2003">
  <ItemGroup>
    <Filter Include="리소스 파일">
      <UniqueIdentifier>{67DA6AB6-F800-4c08-8B7A-83BB121AAD01}</UniqueIdentifier>
      <Extensions>rc;ico;cur;bmp;dlg;rc2;rct;bin;rgs;gif;jpg;jpeg;jpe;resx;tiff;tif;png;wav;mfcribbon-ms</Extensions>
    </Filter>
    <Filter Include="FrameWork">
      <UniqueIdentifier>{99dd31b7-2f5e-40d6-8d49-d7ebbcfee310}</UniqueIdentifier>
    </Filter>
    <Filter Include="FrameWork\DesignPattern">
      <UniqueIdentifier>{20448666-a58a-48ce-9b52-2247ee3086e1}</UniqueIdentifier>
    </Filter>
    <Filter Include="FrameWork\GameCore">
      <UniqueIdentifier>{3c11e6ba-4464-4fd3-a14c-5fd1d060ef7c}</UniqueIdentifier>
    </Filter>
    <Filter Include="FrameWork\GImage">
      <UniqueIdentifier>{42698969-ec79-48b5-b56d-0b72e44d993b}</UniqueIdentifier>
    </Filter>
    <Filter Include="FrameWork\PCH">
      <UniqueIdentifier>{0e1d0a4c-dd43-4c94-8ce3-4e5742f31107}</UniqueIdentifier>
    </Filter>
    <Filter Include="ManagerClass">
      <UniqueIdentifier>{620d687c-5fd1-4300-9446-e1fb50010d27}</UniqueIdentifier>
    </Filter>
    <Filter Include="FrameWork\Utility">
      <UniqueIdentifier>{733aaaae-5e9f-4cb2-bdaa-0c127ff7c19a}</UniqueIdentifier>
    </Filter>
    <Filter Include="Scene">
      <UniqueIdentifier>{f8fbb3f3-a981-406a-a0f7-ce490e7d60d6}</UniqueIdentifier>
    </Filter>
    <Filter Include="MainGame">
      <UniqueIdentifier>{308c46f6-6052-4057-8b34-d692c54c6f4a}</UniqueIdentifier>
    </Filter>
    <Filter Include="Class">
      <UniqueIdentifier>{019e5340-7add-4eec-b997-34a175785565}</UniqueIdentifier>
    </Filter>
    <Filter Include="Resource">
      <UniqueIdentifier>{2d96d0f3-8597-49a9-a035-614ee9b33215}</UniqueIdentifier>
    </Filter>
    <Filter Include="Class\Object">
      <UniqueIdentifier>{b85ea5ee-b921-4524-b1d0-889f6bc28e8b}</UniqueIdentifier>
    </Filter>
    <Filter Include="Class\Object\Character">
      <UniqueIdentifier>{967e604e-607a-4252-b964-7d0170251f63}</UniqueIdentifier>
    </Filter>
    <Filter Include="Class\Object\Character\Enemy">
      <UniqueIdentifier>{95a9b1be-1d47-491f-9dbb-0d80b6c15fe1}</UniqueIdentifier>
    </Filter>
    <Filter Include="Class\Object\Character\Player">
      <UniqueIdentifier>{14b436ac-60c5-4cad-8027-3c4a384cc737}</UniqueIdentifier>
    </Filter>
  </ItemGroup>
  <ItemGroup>
    <ClInclude Include="ManagerClass\ImageManager.h">
      <Filter>ManagerClass</Filter>
    </ClInclude>
    <ClInclude Include="ManagerClass\KeyManager.h">
      <Filter>ManagerClass</Filter>
    </ClInclude>
    <ClInclude Include="resource.h" />
    <ClInclude Include="ManagerClass\SoundManager.h">
      <Filter>ManagerClass</Filter>
    </ClInclude>
    <ClInclude Include="ManagerClass\FontManager.h">
      <Filter>ManagerClass</Filter>
    </ClInclude>
    <ClInclude Include="Class\AStar.h">
      <Filter>Class</Filter>
    </ClInclude>
    <ClInclude Include="ManagerClass\DataManager.h">
      <Filter>ManagerClass</Filter>
    </ClInclude>
    <ClInclude Include="Class\Object\Character\Enemy\Soldier.h" />
    <ClInclude Include="Class\Object\Character\Enemy\Vermont.h" />
    <ClInclude Include="Class\Object\Character\Enemy.h" />
    <ClInclude Include="Class\Object\Character\Player.h" />
    <ClInclude Include="Class\Object\Character.h" />
    <ClInclude Include="Class\Object\Obstacle.h" />
    <ClInclude Include="Class\Camera.h" />
    <ClInclude Include="Class\Object.h" />
    <ClInclude Include="Class\Skill.h" />
    <ClInclude Include="Class\TurnSystem.h" />
    <ClInclude Include="Class\TurnSystem2.h" />
    <ClInclude Include="FrameWork\Utility\RandomFunction.h" />
    <ClInclude Include="FrameWork\Utility\CommonMacroFunction.h" />
    <ClInclude Include="inc\fmod.h" />
    <ClInclude Include="inc\fmod.hpp" />
    <ClInclude Include="inc\fmod_codec.h" />
    <ClInclude Include="inc\fmod_common.h" />
    <ClInclude Include="inc\fmod_dsp.h" />
    <ClInclude Include="inc\fmod_dsp_effects.h" />
    <ClInclude Include="inc\fmod_errors.h" />
    <ClInclude Include="inc\fmod_output.h" />
    <ClInclude Include="ManagerClass\DialogManager.h" />
    <ClInclude Include="ManagerClass\SceneManager.h" />
    <ClInclude Include="Resource\Resources.h" />
    <ClInclude Include="Scene\BattleScene.h" />
    <ClInclude Include="Scene\BossBattleScene.h" />
    <ClInclude Include="Scene\EndingScene.h" />
    <ClInclude Include="Scene\LoadingScene.h" />
    <ClInclude Include="Scene\LoadScene.h" />
    <ClInclude Include="Scene\ScenarioScene.h" />
    <ClInclude Include="Scene\ShopScene.h" />
    <ClInclude Include="Scene\StoryScene.h" />
    <ClInclude Include="Scene\TitleScene.h" />
    <ClInclude Include="Scene\WorldMapScene.h" />
    <ClInclude Include="FrameWork\PCH\Stdafx.h" />
    <ClInclude Include="FrameWork\DesignPattern\SingletonBase.h" />
    <ClInclude Include="FrameWork\GameNode\GameNode.h" />
    <ClInclude Include="FrameWork\GImage\GImage.h" />
    <ClInclude Include="FrameWork\MainGame\MainGame.h" />
    <ClInclude Include="Class\Object\Character\Player\PlayerSoldier.h" />
    <ClInclude Include="Class\Object\Character\Player\Saladin.h" />
  </ItemGroup>
  <ItemGroup>
    <ClCompile Include="ManagerClass\ImageManager.cpp">
      <Filter>ManagerClass</Filter>
    </ClCompile>
    <ClCompile Include="ManagerClass\KeyManager.cpp">
      <Filter>ManagerClass</Filter>
    </ClCompile>
    <ClCompile Include="WinMain.cpp" />
    <ClCompile Include="ManagerClass\SoundManager.cpp">
      <Filter>ManagerClass</Filter>
    </ClCompile>
    <ClCompile Include="ManagerClass\FontManager.cpp">
      <Filter>ManagerClass</Filter>
    </ClCompile>
    <ClCompile Include="Class\AStar.cpp">
      <Filter>Class</Filter>
    </ClCompile>
    <ClCompile Include="ManagerClass\DataManager.cpp">
      <Filter>ManagerClass</Filter>
    </ClCompile>
    <ClCompile Include="Class\Object\Character\Enemy\Soldier.cpp" />
    <ClCompile Include="Class\Object\Character\Enemy\Vermont.cpp" />
    <ClCompile Include="Class\Object\Character\Enemy.cpp" />
    <ClCompile Include="Class\Object\Character\Player.cpp" />
    <ClCompile Include="Class\Object\Character.cpp" />
    <ClCompile Include="Class\Object\Obstacle.cpp" />
    <ClCompile Include="Class\Camera.cpp" />
    <ClCompile Include="Class\Object.cpp" />
    <ClCompile Include="Class\Skill.cpp" />
    <ClCompile Include="Class\TurnSystem.cpp" />
    <ClCompile Include="Class\TurnSystem2.cpp" />
    <ClCompile Include="ManagerClass\DialogManager.cpp" />
    <ClCompile Include="ManagerClass\SceneManager.cpp" />
    <ClCompile Include="Resource\Resources.cpp" />
    <ClCompile Include="Scene\BattleScene.cpp" />
    <ClCompile Include="Scene\BossBattleScene.cpp" />
    <ClCompile Include="Scene\EndingScene.cpp" />
    <ClCompile Include="Scene\LoadingScene.cpp" />
    <ClCompile Include="Scene\LoadScene.cpp" />
    <ClCompile Include="Scene\ScenarioScene.cpp" />
    <ClCompile Include="Scene\ShopScene.cpp" />
    <ClCompile Include="Scene\StoryScene.cpp" />
    <ClCompile Include="Scene\TitleScene.cpp" />
    <ClCompile Include="Scene\WorldMapScene.cpp" />
    <ClCompile Include="FrameWork\PCH\Stdafx.cpp" />
    <ClCompile Include="FrameWork\GameNode\GameNode.cpp" />
    <ClCompile Include="FrameWork\GImage\GImage.cpp" />
    <ClCompile Include="FrameWork\MainGame\MainGame.cpp" />
    <ClCompile Include="Class\Object\Character\Player\PlayerSoldier.cpp" />
    <ClCompile Include="Class\Object\Character\Player\Saladin.cpp" />
  </ItemGroup>
  <ItemGroup>
    <ResourceCompile Include="Portfolio2.rc">
      <Filter>리소스 파일</Filter>
    </ResourceCompile>
  </ItemGroup>
  <ItemGroup>
    <None Include="inc\fmod.cs" />
    <None Include="inc\fmod_dsp.cs" />
    <None Include="inc\fmod_errors.cs" />
    <None Include="Portfolio2.aps" />
    <None Include="fmod.dll" />
    <None Include="Debug\datamanager.new.obj.enc" />
    <None Include="Debug\Portfolio2.exe.recipe" />
    <None Include="Debug\Portfolio2.ilk" />
    <None Include="Debug\Portfolio2.pch" />
    <None Include="Debug\vc142.idb" />
    <None Include="Debug\vc142.pdb" />
    <None Include="Debug\Portfolio2.tlog\CL.command.1.tlog" />
    <None Include="Debug\Portfolio2.tlog\CL.read.1.tlog" />
    <None Include="Debug\Portfolio2.tlog\CL.write.1.tlog" />
    <None Include="Debug\Portfolio2.tlog\link.command.1.tlog" />
    <None Include="Debug\Portfolio2.tlog\link.delete.1.tlog" />
    <None Include="Debug\Portfolio2.tlog\link.read.1.tlog" />
    <None Include="Debug\Portfolio2.tlog\link.write.1.tlog" />
    <None Include="Debug\Portfolio2.tlog\Portfolio2.lastbuildstate" />
    <None Include="Debug\Portfolio2.tlog\rc.command.1.tlog" />
    <None Include="Debug\Portfolio2.tlog\rc.read.1.tlog" />
    <None Include="Debug\Portfolio2.tlog\rc.write.1.tlog" />
  </ItemGroup>
  <ItemGroup>
    <Text Include="save1.txt" />
    <Text Include="Debug\Portfolio2.log" />
  </ItemGroup>
  <ItemGroup>
    <Object Include="Debug\AStar.obj" />
    <Object Include="Debug\BattleScene.obj" />
    <Object Include="Debug\BossBattleScene.obj" />
    <Object Include="Debug\Camera.obj" />
    <Object Include="Debug\Character.obj" />
    <Object Include="Debug\DataManager.obj" />
    <Object Include="Debug\DialogManager.obj" />
    <Object Include="Debug\EndingScene.obj" />
    <Object Include="Debug\Enemy.obj" />
    <Object Include="Debug\FontManager.obj" />
    <Object Include="Debug\GameNode.obj" />
    <Object Include="Debug\GImage.obj" />
    <Object Include="Debug\ImageManager.obj" />
    <Object Include="Debug\KeyManager.obj" />
    <Object Include="Debug\LoadingScene.obj" />
    <Object Include="Debug\LoadScene.obj" />
    <Object Include="Debug\MainGame.obj" />
    <Object Include="Debug\Object.obj" />
    <Object Include="Debug\Obstacle.obj" />
    <Object Include="Debug\Player.obj" />
    <Object Include="Debug\PlayerSoldier.obj" />
    <Object Include="Debug\Resources.obj" />
    <Object Include="Debug\Saladin.obj" />
    <Object Include="Debug\ScenarioScene.obj" />
    <Object Include="Debug\SceneManager.obj" />
    <Object Include="Debug\ShopScene.obj" />
    <Object Include="Debug\Skill.obj" />
    <Object Include="Debug\Soldier.obj" />
    <Object Include="Debug\SoundManager.obj" />
    <Object Include="Debug\Stdafx.obj" />
    <Object Include="Debug\StoryScene.obj" />
    <Object Include="Debug\TitleScene.obj" />
    <Object Include="Debug\TurnSystem.obj" />
    <Object Include="Debug\TurnSystem2.obj" />
    <Object Include="Debug\Vermont.obj" />
    <Object Include="Debug\WinMain.obj" />
    <Object Include="Debug\WorldMapScene.obj" />
  </ItemGroup>
  <ItemGroup>
    <Resource Include="Debug\Portfolio2.res" />
  </ItemGroup>
</Project>