<?xml version="1.0" encoding="utf-8"?>
<Project ToolsVersion="4.0" xmlns="http://schemas.microsoft.com/developer/msbuild/2003">
  <ItemGroup>
    <Filter Include="리소스 파일">
      <UniqueIdentifier>{67DA6AB6-F800-4c08-8B7A-83BB121AAD01}</UniqueIdentifier>
      <Extensions>rc;ico;cur;bmp;dlg;rc2;rct;bin;rgs;gif;jpg;jpeg;jpe;resx;tiff;tif;png;wav;mfcribbon-ms</Extensions>
    </Filter>
    <Filter Include="FrameWork">
      <UniqueIdentifier>{99dd31b7-2f5e-40d6-8d49-d7ebbcfee310}</UniqueIdentifier>
    </Filter>
    <Filter Include="FrameWork\DesignPattern">
      <UniqueIdentifier>{20448666-a58a-48ce-9b52-2247ee3086e1}</UniqueIdentifier>
    </Filter>
    <Filter Include="FrameWork\GameCore">
      <UniqueIdentifier>{3c11e6ba-4464-4fd3-a14c-5fd1d060ef7c}</UniqueIdentifier>
    </Filter>
    <Filter Include="FrameWork\GImage">
      <UniqueIdentifier>{42698969-ec79-48b5-b56d-0b72e44d993b}</UniqueIdentifier>
    </Filter>
    <Filter Include="FrameWork\PCH">
      <UniqueIdentifier>{0e1d0a4c-dd43-4c94-8ce3-4e5742f31107}</UniqueIdentifier>
    </Filter>
    <Filter Include="ManagerClass">
      <UniqueIdentifier>{620d687c-5fd1-4300-9446-e1fb50010d27}</UniqueIdentifier>
    </Filter>
    <Filter Include="FrameWork\Utility">
      <UniqueIdentifier>{733aaaae-5e9f-4cb2-bdaa-0c127ff7c19a}</UniqueIdentifier>
    </Filter>
    <Filter Include="Scene">
      <UniqueIdentifier>{f8fbb3f3-a981-406a-a0f7-ce490e7d60d6}</UniqueIdentifier>
    </Filter>
    <Filter Include="MainGame">
      <UniqueIdentifier>{308c46f6-6052-4057-8b34-d692c54c6f4a}</UniqueIdentifier>
    </Filter>
    <Filter Include="Class">
      <UniqueIdentifier>{019e5340-7add-4eec-b997-34a175785565}</UniqueIdentifier>
    </Filter>
    <Filter Include="Resource">
      <UniqueIdentifier>{2d96d0f3-8597-49a9-a035-614ee9b33215}</UniqueIdentifier>
    </Filter>
    <Filter Include="Class\Object">
      <UniqueIdentifier>{b85ea5ee-b921-4524-b1d0-889f6bc28e8b}</UniqueIdentifier>
    </Filter>
    <Filter Include="Class\Object\Character">
      <UniqueIdentifier>{967e604e-607a-4252-b964-7d0170251f63}</UniqueIdentifier>
    </Filter>
    <Filter Include="Class\Object\Character\Enemy">
      <UniqueIdentifier>{95a9b1be-1d47-491f-9dbb-0d80b6c15fe1}</UniqueIdentifier>
    </Filter>
    <Filter Include="Class\Object\Character\Player">
      <UniqueIdentifier>{14b436ac-60c5-4cad-8027-3c4a384cc737}</UniqueIdentifier>
    </Filter>
  </ItemGroup>
  <ItemGroup>
    <ClInclude Include="SingletonBase.h">
      <Filter>FrameWork\DesignPattern</Filter>
    </ClInclude>
    <ClInclude Include="GameNode.h">
      <Filter>FrameWork\GameCore</Filter>
    </ClInclude>
    <ClInclude Include="GImage.h">
      <Filter>FrameWork\GImage</Filter>
    </ClInclude>
    <ClInclude Include="Stdafx.h">
      <Filter>FrameWork\PCH</Filter>
    </ClInclude>
    <ClInclude Include="ImageManager.h">
      <Filter>ManagerClass</Filter>
    </ClInclude>
    <ClInclude Include="CommonMacroFunction.h">
      <Filter>FrameWork\Utility</Filter>
    </ClInclude>
    <ClInclude Include="RandomFunction.h">
      <Filter>FrameWork\Utility</Filter>
    </ClInclude>
    <ClInclude Include="KeyManager.h">
      <Filter>ManagerClass</Filter>
    </ClInclude>
    <ClInclude Include="resource.h" />
    <ClInclude Include="SceneManager.h">
      <Filter>ManagerClass</Filter>
    </ClInclude>
    <ClInclude Include="TitleScene.h">
      <Filter>Scene</Filter>
    </ClInclude>
    <ClInclude Include="ScenarioScene.h">
      <Filter>Scene</Filter>
    </ClInclude>
    <ClInclude Include="StoryScene.h">
      <Filter>Scene</Filter>
    </ClInclude>
    <ClInclude Include="SoundManager.h">
      <Filter>ManagerClass</Filter>
    </ClInclude>
    <ClInclude Include="FontManager.h">
      <Filter>ManagerClass</Filter>
    </ClInclude>
    <ClInclude Include="EndingScene.h">
      <Filter>Scene</Filter>
    </ClInclude>
    <ClInclude Include="MainGame.h">
      <Filter>MainGame</Filter>
    </ClInclude>
    <ClInclude Include="BossBattleScene.h">
      <Filter>Scene</Filter>
    </ClInclude>
    <ClInclude Include="DialogManager.h">
      <Filter>ManagerClass</Filter>
    </ClInclude>
    <ClInclude Include="AStar.h">
      <Filter>Class</Filter>
    </ClInclude>
    <ClInclude Include="Camera.h">
      <Filter>Class</Filter>
    </ClInclude>
    <ClInclude Include="Resources.h">
      <Filter>Resource</Filter>
    </ClInclude>
    <ClInclude Include="Vermont.h">
      <Filter>Class\Object\Character\Enemy</Filter>
    </ClInclude>
    <ClInclude Include="TurnSystem.h">
      <Filter>Class</Filter>
    </ClInclude>
    <ClInclude Include="Object.h">
      <Filter>Class</Filter>
    </ClInclude>
    <ClInclude Include="Character.h">
      <Filter>Class\Object</Filter>
    </ClInclude>
    <ClInclude Include="Obstacle.h">
      <Filter>Class\Object</Filter>
    </ClInclude>
    <ClInclude Include="Enemy.h">
      <Filter>Class\Object\Character</Filter>
    </ClInclude>
    <ClInclude Include="WorldMapScene.h">
      <Filter>Scene</Filter>
    </ClInclude>
    <ClInclude Include="Skill.h">
      <Filter>Class</Filter>
    </ClInclude>
    <ClInclude Include="Soldier.h">
      <Filter>Class\Object\Character\Enemy</Filter>
    </ClInclude>
    <ClInclude Include="BattleScene.h">
      <Filter>Scene</Filter>
    </ClInclude>
    <ClInclude Include="Player.h">
      <Filter>Class\Object\Character</Filter>
    </ClInclude>
    <ClInclude Include="Saladin.h">
      <Filter>Class\Object\Character\Player</Filter>
    </ClInclude>
    <ClInclude Include="PlayerSoldier.h">
      <Filter>Class\Object\Character\Player</Filter>
    </ClInclude>
    <ClInclude Include="ShopScene.h">
      <Filter>Scene</Filter>
    </ClInclude>
    <ClInclude Include="PartyManager.h">
      <Filter>ManagerClass</Filter>
    </ClInclude>
  </ItemGroup>
  <ItemGroup>
    <ClCompile Include="GameNode.cpp">
      <Filter>FrameWork\GameCore</Filter>
    </ClCompile>
    <ClCompile Include="GImage.cpp">
      <Filter>FrameWork\GImage</Filter>
    </ClCompile>
    <ClCompile Include="ImageManager.cpp">
      <Filter>ManagerClass</Filter>
    </ClCompile>
    <ClCompile Include="KeyManager.cpp">
      <Filter>ManagerClass</Filter>
    </ClCompile>
    <ClCompile Include="WinMain.cpp" />
    <ClCompile Include="SceneManager.cpp">
      <Filter>ManagerClass</Filter>
    </ClCompile>
    <ClCompile Include="TitleScene.cpp">
      <Filter>Scene</Filter>
    </ClCompile>
    <ClCompile Include="Stdafx.cpp">
      <Filter>FrameWork\PCH</Filter>
    </ClCompile>
    <ClCompile Include="ScenarioScene.cpp">
      <Filter>Scene</Filter>
    </ClCompile>
    <ClCompile Include="StoryScene.cpp">
      <Filter>Scene</Filter>
    </ClCompile>
    <ClCompile Include="SoundManager.cpp">
      <Filter>ManagerClass</Filter>
    </ClCompile>
    <ClCompile Include="FontManager.cpp">
      <Filter>ManagerClass</Filter>
    </ClCompile>
    <ClCompile Include="EndingScene.cpp">
      <Filter>Scene</Filter>
    </ClCompile>
    <ClCompile Include="MainGame.cpp">
      <Filter>MainGame</Filter>
    </ClCompile>
    <ClCompile Include="BossBattleScene.cpp">
      <Filter>Scene</Filter>
    </ClCompile>
    <ClCompile Include="DialogManager.cpp">
      <Filter>ManagerClass</Filter>
    </ClCompile>
    <ClCompile Include="AStar.cpp">
      <Filter>Class</Filter>
    </ClCompile>
    <ClCompile Include="Camera.cpp">
      <Filter>Class</Filter>
    </ClCompile>
    <ClCompile Include="Resources.cpp">
      <Filter>Resource</Filter>
    </ClCompile>
    <ClCompile Include="Vermont.cpp">
      <Filter>Class\Object\Character\Enemy</Filter>
    </ClCompile>
    <ClCompile Include="TurnSystem.cpp">
      <Filter>Class</Filter>
    </ClCompile>
    <ClCompile Include="Object.cpp">
      <Filter>Class</Filter>
    </ClCompile>
    <ClCompile Include="Character.cpp">
      <Filter>Class\Object</Filter>
    </ClCompile>
    <ClCompile Include="Obstacle.cpp">
      <Filter>Class\Object</Filter>
    </ClCompile>
    <ClCompile Include="Enemy.cpp">
      <Filter>Class\Object\Character</Filter>
    </ClCompile>
    <ClCompile Include="WorldMapScene.cpp">
      <Filter>Scene</Filter>
    </ClCompile>
    <ClCompile Include="Skill.cpp">
      <Filter>Class</Filter>
    </ClCompile>
    <ClCompile Include="Soldier.cpp">
      <Filter>Class\Object\Character\Enemy</Filter>
    </ClCompile>
    <ClCompile Include="BattleScene.cpp">
      <Filter>Scene</Filter>
    </ClCompile>
    <ClCompile Include="Player.cpp">
      <Filter>Class\Object\Character</Filter>
    </ClCompile>
    <ClCompile Include="Saladin.cpp">
      <Filter>Class\Object\Character\Player</Filter>
    </ClCompile>
    <ClCompile Include="PlayerSoldier.cpp">
      <Filter>Class\Object\Character\Player</Filter>
    </ClCompile>
    <ClCompile Include="ShopScene.cpp">
      <Filter>Scene</Filter>
    </ClCompile>
    <ClCompile Include="PartyManager.cpp">
      <Filter>ManagerClass</Filter>
    </ClCompile>
  </ItemGroup>
  <ItemGroup>
    <ResourceCompile Include="Portfolio2.rc">
      <Filter>리소스 파일</Filter>
    </ResourceCompile>
  </ItemGroup>
</Project>